
Microsoft Visual Studio Solution File, Format Version 12.00
# Visual Studio Version 16
VisualStudioVersion = 16.0.31313.79
MinimumVisualStudioVersion = 10.0.40219.1
Project("{FAE04EC0-301F-11D3-BF4B-00C04F79EFBC}") = "DataStructures", "DataStructures\DataStructures.csproj", "{EA97AFF5-05E3-4C70-9C08-DAACB482B695}"
EndProject
Project("{FAE04EC0-301F-11D3-BF4B-00C04F79EFBC}") = "LinkedLists", "LinkedLists\LinkedLists.csproj", "{387E27CA-F878-454B-A7F7-E2D4DF7A8688}"
EndProject
Global
	GlobalSection(SolutionConfigurationPlatforms) = preSolution
		Debug|Any CPU = Debug|Any CPU
		Release|Any CPU = Release|Any CPU
	EndGlobalSection
	GlobalSection(ProjectConfigurationPlatforms) = postSolution
		{EA97AFF5-05E3-4C70-9C08-DAACB482B695}.Debug|Any CPU.ActiveCfg = Debug|Any CPU
		{EA97AFF5-05E3-4C70-9C08-DAACB482B695}.Debug|Any CPU.Build.0 = Debug|Any CPU
		{EA97AFF5-05E3-4C70-9C08-DAACB482B695}.Release|Any CPU.ActiveCfg = Release|Any CPU
		{EA97AFF5-05E3-4C70-9C08-DAACB482B695}.Release|Any CPU.Build.0 = Release|Any CPU
		{387E27CA-F878-454B-A7F7-E2D4DF7A8688}.Debug|Any CPU.ActiveCfg = Debug|Any CPU
		{387E27CA-F878-454B-A7F7-E2D4DF7A8688}.Debug|Any CPU.Build.0 = Debug|Any CPU
		{387E27CA-F878-454B-A7F7-E2D4DF7A8688}.Release|Any CPU.ActiveCfg = Release|Any CPU
		{387E27CA-F878-454B-A7F7-E2D4DF7A8688}.Release|Any CPU.Build.0 = Release|Any CPU
	EndGlobalSection
	GlobalSection(SolutionProperties) = preSolution
		HideSolutionNode = FALSE
	EndGlobalSection
	GlobalSection(ExtensibilityGlobals) = postSolution
		SolutionGuid = {C1175B74-9176-4CC4-9F89-E1AD155C44F9}
	EndGlobalSection
EndGlobal
